<?xml version="1.0" encoding="utf-8"?>
<Project ToolsVersion="4.0" xmlns="http://schemas.microsoft.com/developer/msbuild/2003">
  <ItemGroup>
    <Filter Include="Source Files">
      <UniqueIdentifier>{4FC737F1-C7A5-4376-A066-2A32D752A2FF}</UniqueIdentifier>
      <Extensions>cpp;c;cc;cxx;c++;cppm;ixx;def;odl;idl;hpj;bat;asm;asmx</Extensions>
    </Filter>
    <Filter Include="Header Files">
      <UniqueIdentifier>{93995380-89BD-4b04-88EB-625FBE52EBFB}</UniqueIdentifier>
      <Extensions>h;hh;hpp;hxx;h++;hm;inl;inc;ipp;xsd</Extensions>
    </Filter>
    <Filter Include="Resource Files">
      <UniqueIdentifier>{67DA6AB6-F800-4c08-8B7A-83BB121AAD01}</UniqueIdentifier>
      <Extensions>rc;ico;cur;bmp;dlg;rc2;rct;bin;rgs;gif;jpg;jpeg;jpe;resx;tiff;tif;png;wav;mfcribbon-ms</Extensions>
    </Filter>
    <Filter Include="Source Files\Modules">
      <UniqueIdentifier>{bf50422b-5f11-4dc8-9bc5-b3f1df661810}</UniqueIdentifier>
    </Filter>
    <Filter Include="Source Files\Modules\Button">
      <UniqueIdentifier>{4fc7211f-ea3b-45eb-be01-6f146bf163a6}</UniqueIdentifier>
    </Filter>
    <Filter Include="Source Files\Modules\Vehicle">
      <UniqueIdentifier>{d0a7d1b2-5432-4fee-ba5d-a317c9ca2a2f}</UniqueIdentifier>
    </Filter>
    <Filter Include="Source Files\Controllers">
      <UniqueIdentifier>{00e682b6-a353-46ff-8854-b0296a2b252e}</UniqueIdentifier>
    </Filter>
  </ItemGroup>
  <ItemGroup>
    <ClCompile Include="CS202.cpp">
      <Filter>Source Files</Filter>
    </ClCompile>
  </ItemGroup>
  <ItemGroup>
    <ClInclude Include="Modules\Button\ButtonInterface.h">
      <Filter>Header Files</Filter>
    </ClInclude>
    <ClInclude Include="Modules\Button\ExitButton.h">
      <Filter>Header Files</Filter>
    </ClInclude>
    <ClInclude Include="Modules\Button\NewGameButton.h">
      <Filter>Header Files</Filter>
    </ClInclude>
    <ClInclude Include="Modules\People.h">
      <Filter>Header Files</Filter>
    </ClInclude>
    <ClInclude Include="Modules\Vehicle\Car.h">
      <Filter>Header Files</Filter>
    </ClInclude>
    <ClInclude Include="Modules\Vehicle\VehicleInterface.h">
      <Filter>Header Files</Filter>
    </ClInclude>
    <ClInclude Include="Factory.h">
      <Filter>Header Files</Filter>
    </ClInclude>
    <ClInclude Include="Controllers\GameController.h">
      <Filter>Header Files</Filter>
    </ClInclude>
    <ClInclude Include="Controllers\MenuInterface.h">
      <Filter>Header Files</Filter>
    </ClInclude>
    <ClInclude Include="Controllers\MainMenu.h">
      <Filter>Header Files</Filter>
    </ClInclude>
    <ClInclude Include="Modules\Lane\LaneInterface.h">
      <Filter>Header Files</Filter>
    </ClInclude>
    <ClInclude Include="Modules\Vehicle\CarFactory.h">
      <Filter>Header Files</Filter>
    </ClInclude>
    <ClInclude Include="Modules\Lane\LeftLane.h">
      <Filter>Header Files</Filter>
    </ClInclude>
    <ClInclude Include="Modules\Lane\RightLane.h">
      <Filter>Header Files</Filter>
    </ClInclude>
    <ClInclude Include="Utility\RandomMachine.h">
      <Filter>Header Files</Filter>
    </ClInclude>
    <ClInclude Include="Modules\Vehicle\Car2.h">
      <Filter>Header Files</Filter>
    </ClInclude>
    <ClInclude Include="Modules\Vehicle\Dinosaur.h">
      <Filter>Header Files</Filter>
    </ClInclude>
    <ClInclude Include="Modules\Vehicle\Dog.h">
      <Filter>Header Files</Filter>
    </ClInclude>
    <ClInclude Include="Modules\Vehicle\Police_car.h">
      <Filter>Header Files</Filter>
    </ClInclude>
    <ClInclude Include="Modules\Vehicle\Tree.h">
      <Filter>Header Files</Filter>
    </ClInclude>
  </ItemGroup>
</Project>